
Microsoft Visual Studio Solution File, Format Version 12.00
# Visual Studio Version 17
VisualStudioVersion = 17.6.33815.320
MinimumVisualStudioVersion = 10.0.40219.1
Project("{FAE04EC0-301F-11D3-BF4B-00C04F79EFBC}") = "Dot-NET-Task", "Dot-NET-Task\Dot-NET-Task.csproj", "{B1015A42-A376-42F2-AD46-CC61E3DCBF02}"
EndProject
Global
	GlobalSection(SolutionConfigurationPlatforms) = preSolution
		Debug|Any CPU = Debug|Any CPU
		Release|Any CPU = Release|Any CPU
	EndGlobalSection
	GlobalSection(ProjectConfigurationPlatforms) = postSolution
		{B1015A42-A376-42F2-AD46-CC61E3DCBF02}.Debug|Any CPU.ActiveCfg = Debug|Any CPU
		{B1015A42-A376-42F2-AD46-CC61E3DCBF02}.Debug|Any CPU.Build.0 = Debug|Any CPU
		{B1015A42-A376-42F2-AD46-CC61E3DCBF02}.Release|Any CPU.ActiveCfg = Release|Any CPU
		{B1015A42-A376-42F2-AD46-CC61E3DCBF02}.Release|Any CPU.Build.0 = Release|Any CPU
	EndGlobalSection
	GlobalSection(SolutionProperties) = preSolution
		HideSolutionNode = FALSE
	EndGlobalSection
	GlobalSection(ExtensibilityGlobals) = postSolution
		SolutionGuid = {ED973754-A220-45C8-B4FB-BF18B13A0114}
	EndGlobalSection
EndGlobal
